Microsoft Visual Studio Solution File, Format Version 12.00
# Visual Studio Version 17
VisualStudioVersion = 17.5.2.0
MinimumVisualStudioVersion = 10.0.40219.1
Project("{2150E333-8FDC-42A3-9474-1A3956D46DE8}") = "src", "src", "{827E0CD3-B72D-47B6-A68D-7590B98EB39B}"
EndProject
Project("{2150E333-8FDC-42A3-9474-1A3956D46DE8}") = "src", "src", "{C74F3074-C892-2F1C-8F17-0B8A6644E46A}"
EndProject
Project("{FAE04EC0-301F-11D3-BF4B-00C04F79EFBC}") = "TrainTracker.Api", "src\src\TrainTracker.Api\TrainTracker.Api.csproj", "{34C885EA-2D45-DB1D-5057-7916FF0247F9}"
EndProject
Global
	GlobalSection(SolutionConfigurationPlatforms) = preSolution
		Debug|Any CPU = Debug|Any CPU
		Release|Any CPU = Release|Any CPU
	EndGlobalSection
	GlobalSection(ProjectConfigurationPlatforms) = postSolution
		{34C885EA-2D45-DB1D-5057-7916FF0247F9}.Debug|Any CPU.ActiveCfg = Debug|Any CPU
		{34C885EA-2D45-DB1D-5057-7916FF0247F9}.Debug|Any CPU.Build.0 = Debug|Any CPU
		{34C885EA-2D45-DB1D-5057-7916FF0247F9}.Release|Any CPU.ActiveCfg = Release|Any CPU
		{34C885EA-2D45-DB1D-5057-7916FF0247F9}.Release|Any CPU.Build.0 = Release|Any CPU
	EndGlobalSection
	GlobalSection(SolutionProperties) = preSolution
		HideSolutionNode = FALSE
	EndGlobalSection
	GlobalSection(NestedProjects) = preSolution
		{C74F3074-C892-2F1C-8F17-0B8A6644E46A} = {827E0CD3-B72D-47B6-A68D-7590B98EB39B}
		{34C885EA-2D45-DB1D-5057-7916FF0247F9} = {C74F3074-C892-2F1C-8F17-0B8A6644E46A}
	EndGlobalSection
	GlobalSection(ExtensibilityGlobals) = postSolution
		SolutionGuid = {74805BBE-EAF7-49FE-8A41-574CB0DF5830}
	EndGlobalSection
EndGlobal
